// !$*UTF8*$!
{
	archiveVersion = 1;
	classes = {
	};
	objectVersion = 46;
	objects = {

/* Begin PBXBuildFile section */
		08601EE37FAABCEF05B947C9 /* Pods.framework in Frameworks */ = {isa = PBXBuildFile; fileRef = F96FC9FCA1CCD1C25BC63E28 /* Pods.framework */; };
		272CE6131C7487CB00238715 /* GestureActionHandler.swift in Sources */ = {isa = PBXBuildFile; fileRef = 272CE6121C7487CA00238715 /* GestureActionHandler.swift */; };
		27E7D92B1C7113C700D8A089 /* AppDelegate.swift in Sources */ = {isa = PBXBuildFile; fileRef = 27E7D92A1C7113C700D8A089 /* AppDelegate.swift */; };
		27E7D9301C7113C700D8A089 /* Main.storyboard in Resources */ = {isa = PBXBuildFile; fileRef = 27E7D92E1C7113C700D8A089 /* Main.storyboard */; };
		27E7D9321C7113C700D8A089 /* Assets.xcassets in Resources */ = {isa = PBXBuildFile; fileRef = 27E7D9311C7113C700D8A089 /* Assets.xcassets */; };
		27E7D9351C7113C700D8A089 /* LaunchScreen.storyboard in Resources */ = {isa = PBXBuildFile; fileRef = 27E7D9331C7113C700D8A089 /* LaunchScreen.storyboard */; };
		27E7D93F1C71185700D8A089 /* InputGestureViewController.swift in Sources */ = {isa = PBXBuildFile; fileRef = 27E7D93E1C71185700D8A089 /* InputGestureViewController.swift */; };
		27E7D9421C71283C00D8A089 /* PathFinder.swift in Sources */ = {isa = PBXBuildFile; fileRef = 27E7D9411C71283C00D8A089 /* PathFinder.swift */; };
		27E7D9441C71320F00D8A089 /* CustomGestureRecognizer.swift in Sources */ = {isa = PBXBuildFile; fileRef = 27E7D9431C71320F00D8A089 /* CustomGestureRecognizer.swift */; };
		27E7D9461C71324A00D8A089 /* ConfigurationViewController.swift in Sources */ = {isa = PBXBuildFile; fileRef = 27E7D9451C71324A00D8A089 /* ConfigurationViewController.swift */; };
		27E7D9491C71393800D8A089 /* GestureModel.swift in Sources */ = {isa = PBXBuildFile; fileRef = 27E7D9481C71393800D8A089 /* GestureModel.swift */; };
		27E7D94B1C71397A00D8A089 /* SetupManager.swift in Sources */ = {isa = PBXBuildFile; fileRef = 27E7D94A1C71397A00D8A089 /* SetupManager.swift */; };
		27E7D94E1C713C4E00D8A089 /* RecognizerModel.xcdatamodeld in Sources */ = {isa = PBXBuildFile; fileRef = 27E7D94C1C713C4E00D8A089 /* RecognizerModel.xcdatamodeld */; };
		27E7D9601C7143B500D8A089 /* Gestures+CoreDataProperties.swift in Sources */ = {isa = PBXBuildFile; fileRef = 27E7D95E1C7143B500D8A089 /* Gestures+CoreDataProperties.swift */; };
		27E7D9611C7143B500D8A089 /* Gestures.swift in Sources */ = {isa = PBXBuildFile; fileRef = 27E7D95F1C7143B500D8A089 /* Gestures.swift */; };
		27E7D9631C71DE7100D8A089 /* ConfigurationDetailsViewController.swift in Sources */ = {isa = PBXBuildFile; fileRef = 27E7D9621C71DE7100D8A089 /* ConfigurationDetailsViewController.swift */; };
		27E7D9661C72097000D8A089 /* DrawCanvas.swift in Sources */ = {isa = PBXBuildFile; fileRef = 27E7D9651C72096F00D8A089 /* DrawCanvas.swift */; };
		27E7D9681C72098000D8A089 /* DrawCanvas.xib in Resources */ = {isa = PBXBuildFile; fileRef = 27E7D9671C72098000D8A089 /* DrawCanvas.xib */; };
/* End PBXBuildFile section */

/* Begin PBXFileReference section */
		272CE6121C7487CA00238715 /* GestureActionHandler.swift */ = {isa = PBXFileReference; fileEncoding = 4; lastKnownFileType = sourcecode.swift; path = GestureActionHandler.swift; sourceTree = "<group>"; };
		27E7D9271C7113C700D8A089 /* SwiftRecognizer.app */ = {isa = PBXFileReference; explicitFileType = wrapper.application; includeInIndex = 0; path = SwiftRecognizer.app; sourceTree = BUILT_PRODUCTS_DIR; };
		27E7D92A1C7113C700D8A089 /* AppDelegate.swift */ = {isa = PBXFileReference; lastKnownFileType = sourcecode.swift; path = AppDelegate.swift; sourceTree = "<group>"; };
		27E7D92F1C7113C700D8A089 /* Base */ = {isa = PBXFileReference; lastKnownFileType = file.storyboard; name = Base; path = Base.lproj/Main.storyboard; sourceTree = "<group>"; };
		27E7D9311C7113C700D8A089 /* Assets.xcassets */ = {isa = PBXFileReference; lastKnownFileType = folder.assetcatalog; path = Assets.xcassets; sourceTree = "<group>"; };
		27E7D9341C7113C700D8A089 /* Base */ = {isa = PBXFileReference; lastKnownFileType = file.storyboard; name = Base; path = Base.lproj/LaunchScreen.storyboard; sourceTree = "<group>"; };
		27E7D9361C7113C700D8A089 /* Info.plist */ = {isa = PBXFileReference; lastKnownFileType = text.plist.xml; path = Info.plist; sourceTree = "<group>"; };
		27E7D93E1C71185700D8A089 /* InputGestureViewController.swift */ = {isa = PBXFileReference; fileEncoding = 4; lastKnownFileType = sourcecode.swift; path = InputGestureViewController.swift; sourceTree = "<group>"; };
		27E7D9411C71283C00D8A089 /* PathFinder.swift */ = {isa = PBXFileReference; fileEncoding = 4; lastKnownFileType = sourcecode.swift; path = PathFinder.swift; sourceTree = "<group>"; };
		27E7D9431C71320F00D8A089 /* CustomGestureRecognizer.swift */ = {isa = PBXFileReference; fileEncoding = 4; lastKnownFileType = sourcecode.swift; path = CustomGestureRecognizer.swift; sourceTree = "<group>"; };
		27E7D9451C71324A00D8A089 /* ConfigurationViewController.swift */ = {isa = PBXFileReference; fileEncoding = 4; lastKnownFileType = sourcecode.swift; path = ConfigurationViewController.swift; sourceTree = "<group>"; };
		27E7D9481C71393800D8A089 /* GestureModel.swift */ = {isa = PBXFileReference; fileEncoding = 4; lastKnownFileType = sourcecode.swift; path = GestureModel.swift; sourceTree = "<group>"; };
		27E7D94A1C71397A00D8A089 /* SetupManager.swift */ = {isa = PBXFileReference; fileEncoding = 4; lastKnownFileType = sourcecode.swift; path = SetupManager.swift; sourceTree = "<group>"; };
		27E7D94D1C713C4E00D8A089 /* RecognizerModel.xcdatamodel */ = {isa = PBXFileReference; lastKnownFileType = wrapper.xcdatamodel; path = RecognizerModel.xcdatamodel; sourceTree = "<group>"; };
		27E7D9501C713CE500D8A089 /* SwiftRecognizer-Bridging-Header.h */ = {isa = PBXFileReference; lastKnownFileType = sourcecode.c.h; path = "SwiftRecognizer-Bridging-Header.h"; sourceTree = "<group>"; };
		27E7D95E1C7143B500D8A089 /* Gestures+CoreDataProperties.swift */ = {isa = PBXFileReference; fileEncoding = 4; lastKnownFileType = sourcecode.swift; path = "Gestures+CoreDataProperties.swift"; sourceTree = "<group>"; };
		27E7D95F1C7143B500D8A089 /* Gestures.swift */ = {isa = PBXFileReference; fileEncoding = 4; lastKnownFileType = sourcecode.swift; path = Gestures.swift; sourceTree = "<group>"; };
		27E7D9621C71DE7100D8A089 /* ConfigurationDetailsViewController.swift */ = {isa = PBXFileReference; fileEncoding = 4; lastKnownFileType = sourcecode.swift; path = ConfigurationDetailsViewController.swift; sourceTree = "<group>"; };
		27E7D9651C72096F00D8A089 /* DrawCanvas.swift */ = {isa = PBXFileReference; fileEncoding = 4; lastKnownFileType = sourcecode.swift; path = DrawCanvas.swift; sourceTree = "<group>"; };
		27E7D9671C72098000D8A089 /* DrawCanvas.xib */ = {isa = PBXFileReference; fileEncoding = 4; lastKnownFileType = file.xib; path = DrawCanvas.xib; sourceTree = "<group>"; };
		ABBBE120AC77949053692C76 /* Pods.release.xcconfig */ = {isa = PBXFileReference; includeInIndex = 1; lastKnownFileType = text.xcconfig; name = Pods.release.xcconfig; path = "Pods/Target Support Files/Pods/Pods.release.xcconfig"; sourceTree = "<group>"; };
		E58D1FDFF3711971BC656641 /* Pods.debug.xcconfig */ = {isa = PBXFileReference; includeInIndex = 1; lastKnownFileType = text.xcconfig; name = Pods.debug.xcconfig; path = "Pods/Target Support Files/Pods/Pods.debug.xcconfig"; sourceTree = "<group>"; };
		F96FC9FCA1CCD1C25BC63E28 /* Pods.framework */ = {isa = PBXFileReference; explicitFileType = wrapper.framework; includeInIndex = 0; path = Pods.framework; sourceTree = BUILT_PRODUCTS_DIR; };
/* End PBXFileReference section */

/* Begin PBXFrameworksBuildPhase section */
		27E7D9241C7113C700D8A089 /* Frameworks */ = {
			isa = PBXFrameworksBuildPhase;
			buildActionMask = 2147483647;
			files = (
				08601EE37FAABCEF05B947C9 /* Pods.framework in Frameworks */,
			);
			runOnlyForDeploymentPostprocessing = 0;
		};
/* End PBXFrameworksBuildPhase section */

/* Begin PBXGroup section */
		27E7D91E1C7113C700D8A089 = {
			isa = PBXGroup;
			children = (
				27E7D9291C7113C700D8A089 /* SwiftRecognizer */,
				27E7D9281C7113C700D8A089 /* Products */,
				D6914EF858C1A7359A54CAEF /* Pods */,
				3E34530F5CA75A6E18D2AD45 /* Frameworks */,
			);
			sourceTree = "<group>";
		};
		27E7D9281C7113C700D8A089 /* Products */ = {
			isa = PBXGroup;
			children = (
				27E7D9271C7113C700D8A089 /* SwiftRecognizer.app */,
			);
			name = Products;
			sourceTree = "<group>";
		};
		27E7D9291C7113C700D8A089 /* SwiftRecognizer */ = {
			isa = PBXGroup;
			children = (
				27E7D9471C71392400D8A089 /* Models */,
				27E7D9401C71283400D8A089 /* Tools */,
				27E7D93D1C71183F00D8A089 /* ViewControllers */,
				27E7D92A1C7113C700D8A089 /* AppDelegate.swift */,
				27E7D92E1C7113C700D8A089 /* Main.storyboard */,
				27E7D9311C7113C700D8A089 /* Assets.xcassets */,
				27E7D9331C7113C700D8A089 /* LaunchScreen.storyboard */,
				27E7D9361C7113C700D8A089 /* Info.plist */,
			);
			path = SwiftRecognizer;
			sourceTree = "<group>";
		};
		27E7D93D1C71183F00D8A089 /* ViewControllers */ = {
			isa = PBXGroup;
			children = (
				27E7D93E1C71185700D8A089 /* InputGestureViewController.swift */,
				27E7D9451C71324A00D8A089 /* ConfigurationViewController.swift */,
				27E7D9621C71DE7100D8A089 /* ConfigurationDetailsViewController.swift */,
			);
			path = ViewControllers;
			sourceTree = "<group>";
		};
		27E7D9401C71283400D8A089 /* Tools */ = {
			isa = PBXGroup;
			children = (
				27E7D9641C72095E00D8A089 /* DrawCanvas */,
				27E7D9411C71283C00D8A089 /* PathFinder.swift */,
				27E7D9431C71320F00D8A089 /* CustomGestureRecognizer.swift */,
				27E7D94A1C71397A00D8A089 /* SetupManager.swift */,
				272CE6121C7487CA00238715 /* GestureActionHandler.swift */,
			);
			path = Tools;
			sourceTree = "<group>";
		};
		27E7D9471C71392400D8A089 /* Models */ = {
			isa = PBXGroup;
			children = (
				27E7D94F1C713CB800D8A089 /* Entities */,
				27E7D9481C71393800D8A089 /* GestureModel.swift */,
				27E7D94C1C713C4E00D8A089 /* RecognizerModel.xcdatamodeld */,
			);
			path = Models;
			sourceTree = "<group>";
		};
		27E7D94F1C713CB800D8A089 /* Entities */ = {
			isa = PBXGroup;
			children = (
				27E7D9501C713CE500D8A089 /* SwiftRecognizer-Bridging-Header.h */,
				27E7D95E1C7143B500D8A089 /* Gestures+CoreDataProperties.swift */,
				27E7D95F1C7143B500D8A089 /* Gestures.swift */,
			);
			path = Entities;
			sourceTree = "<group>";
		};
		27E7D9641C72095E00D8A089 /* DrawCanvas */ = {
			isa = PBXGroup;
			children = (
				27E7D9651C72096F00D8A089 /* DrawCanvas.swift */,
				27E7D9671C72098000D8A089 /* DrawCanvas.xib */,
			);
			path = DrawCanvas;
			sourceTree = "<group>";
		};
		3E34530F5CA75A6E18D2AD45 /* Frameworks */ = {
			isa = PBXGroup;
			children = (
				F96FC9FCA1CCD1C25BC63E28 /* Pods.framework */,
			);
			name = Frameworks;
			sourceTree = "<group>";
		};
		D6914EF858C1A7359A54CAEF /* Pods */ = {
			isa = PBXGroup;
			children = (
				E58D1FDFF3711971BC656641 /* Pods.debug.xcconfig */,
				ABBBE120AC77949053692C76 /* Pods.release.xcconfig */,
			);
			name = Pods;
			sourceTree = "<group>";
		};
/* End PBXGroup section */

/* Begin PBXNativeTarget section */
		27E7D9261C7113C700D8A089 /* SwiftRecognizer */ = {
			isa = PBXNativeTarget;
			buildConfigurationList = 27E7D9391C7113C700D8A089 /* Build configuration list for PBXNativeTarget "SwiftRecognizer" */;
			buildPhases = (
				A63306706A2938AA723E3C67 /* Check Pods Manifest.lock */,
				27E7D9231C7113C700D8A089 /* Sources */,
				27E7D9241C7113C700D8A089 /* Frameworks */,
				27E7D9251C7113C700D8A089 /* Resources */,
				20A3E31679B2A1B5DC681F1D /* Embed Pods Frameworks */,
				A4015A62631F2F8582DFA9E9 /* Copy Pods Resources */,
			);
			buildRules = (
			);
			dependencies = (
			);
			name = SwiftRecognizer;
			productName = SwiftRecognizer;
			productReference = 27E7D9271C7113C700D8A089 /* SwiftRecognizer.app */;
			productType = "com.apple.product-type.application";
		};
/* End PBXNativeTarget section */

/* Begin PBXProject section */
		27E7D91F1C7113C700D8A089 /* Project object */ = {
			isa = PBXProject;
			attributes = {
				LastSwiftUpdateCheck = 0720;
				LastUpgradeCheck = 0720;
				ORGANIZATIONNAME = FDT;
				TargetAttributes = {
					27E7D9261C7113C700D8A089 = {
						CreatedOnToolsVersion = 7.2;
					};
				};
			};
			buildConfigurationList = 27E7D9221C7113C700D8A089 /* Build configuration list for PBXProject "SwiftRecognizer" */;
			compatibilityVersion = "Xcode 3.2";
			developmentRegion = English;
			hasScannedForEncodings = 0;
			knownRegions = (
				en,
				Base,
			);
			mainGroup = 27E7D91E1C7113C700D8A089;
			productRefGroup = 27E7D9281C7113C700D8A089 /* Products */;
			projectDirPath = "";
			projectRoot = "";
			targets = (
				27E7D9261C7113C700D8A089 /* SwiftRecognizer */,
			);
		};
/* End PBXProject section */

/* Begin PBXResourcesBuildPhase section */
		27E7D9251C7113C700D8A089 /* Resources */ = {
			isa = PBXResourcesBuildPhase;
			buildActionMask = 2147483647;
			files = (
				27E7D9351C7113C700D8A089 /* LaunchScreen.storyboard in Resources */,
				27E7D9681C72098000D8A089 /* DrawCanvas.xib in Resources */,
				27E7D9321C7113C700D8A089 /* Assets.xcassets in Resources */,
				27E7D9301C7113C700D8A089 /* Main.storyboard in Resources */,
			);
			runOnlyForDeploymentPostprocessing = 0;
		};
/* End PBXResourcesBuildPhase section */

/* Begin PBXShellScriptBuildPhase section */
		20A3E31679B2A1B5DC681F1D /* Embed Pods Frameworks */ = {
			isa = PBXShellScriptBuildPhase;
			buildActionMask = 2147483647;
			files = (
			);
			inputPaths = (
			);
			name = "Embed Pods Frameworks";
			outputPaths = (
			);
			runOnlyForDeploymentPostprocessing = 0;
			shellPath = /bin/sh;
			shellScript = "\"${SRCROOT}/Pods/Target Support Files/Pods/Pods-frameworks.sh\"\n";
			showEnvVarsInLog = 0;
		};
		A4015A62631F2F8582DFA9E9 /* Copy Pods Resources */ = {
			isa = PBXShellScriptBuildPhase;
			buildActionMask = 2147483647;
			files = (
			);
			inputPaths = (
			);
			name = "Copy Pods Resources";
			outputPaths = (
			);
			runOnlyForDeploymentPostprocessing = 0;
			shellPath = /bin/sh;
			shellScript = "\"${SRCROOT}/Pods/Target Support Files/Pods/Pods-resources.sh\"\n";
			showEnvVarsInLog = 0;
		};
		A63306706A2938AA723E3C67 /* Check Pods Manifest.lock */ = {
			isa = PBXShellScriptBuildPhase;
			buildActionMask = 2147483647;
			files = (
			);
			inputPaths = (
			);
			name = "Check Pods Manifest.lock";
			outputPaths = (
			);
			runOnlyForDeploymentPostprocessing = 0;
			shellPath = /bin/sh;
			shellScript = "diff \"${PODS_ROOT}/../Podfile.lock\" \"${PODS_ROOT}/Manifest.lock\" > /dev/null\nif [[ $? != 0 ]] ; then\n    cat << EOM\nerror: The sandbox is not in sync with the Podfile.lock. Run 'pod install' or update your CocoaPods installation.\nEOM\n    exit 1\nfi\n";
			showEnvVarsInLog = 0;
		};
/* End PBXShellScriptBuildPhase section */

/* Begin PBXSourcesBuildPhase section */
		27E7D9231C7113C700D8A089 /* Sources */ = {
			isa = PBXSourcesBuildPhase;
			buildActionMask = 2147483647;
			files = (
				27E7D94B1C71397A00D8A089 /* SetupManager.swift in Sources */,
				27E7D93F1C71185700D8A089 /* InputGestureViewController.swift in Sources */,
				27E7D9491C71393800D8A089 /* GestureModel.swift in Sources */,
				27E7D9631C71DE7100D8A089 /* ConfigurationDetailsViewController.swift in Sources */,
				27E7D92B1C7113C700D8A089 /* AppDelegate.swift in Sources */,
				27E7D9661C72097000D8A089 /* DrawCanvas.swift in Sources */,
				27E7D9441C71320F00D8A089 /* CustomGestureRecognizer.swift in Sources */,
				272CE6131C7487CB00238715 /* GestureActionHandler.swift in Sources */,
				27E7D94E1C713C4E00D8A089 /* RecognizerModel.xcdatamodeld in Sources */,
				27E7D9601C7143B500D8A089 /* Gestures+CoreDataProperties.swift in Sources */,
				27E7D9611C7143B500D8A089 /* Gestures.swift in Sources */,
				27E7D9461C71324A00D8A089 /* ConfigurationViewController.swift in Sources */,
				27E7D9421C71283C00D8A089 /* PathFinder.swift in Sources */,
			);
			runOnlyForDeploymentPostprocessing = 0;
		};
/* End PBXSourcesBuildPhase section */

/* Begin PBXVariantGroup section */
		27E7D92E1C7113C700D8A089 /* Main.storyboard */ = {
			isa = PBXVariantGroup;
			children = (
				27E7D92F1C7113C700D8A089 /* Base */,
			);
			name = Main.storyboard;
			sourceTree = "<group>";
		};
		27E7D9331C7113C700D8A089 /* LaunchScreen.storyboard */ = {
			isa = PBXVariantGroup;
			children = (
				27E7D9341C7113C700D8A089 /* Base */,
			);
			name = LaunchScreen.storyboard;
			sourceTree = "<group>";
		};
/* End PBXVariantGroup section */

/* Begin XCBuildConfiguration section */
		27E7D9371C7113C700D8A089 /* Debug */ = {
			isa = XCBuildConfiguration;
			buildSettings = {
				ALWAYS_SEARCH_USER_PATHS = NO;
				CLANG_CXX_LANGUAGE_STANDARD = "gnu++0x";
				CLANG_CXX_LIBRARY = "libc++";
				CLANG_ENABLE_MODULES = YES;
				CLANG_ENABLE_OBJC_ARC = YES;
				CLANG_WARN_BOOL_CONVERSION = YES;
				CLANG_WARN_CONSTANT_CONVERSION = YES;
				CLANG_WARN_DIRECT_OBJC_ISA_USAGE = YES_ERROR;
				CLANG_WARN_EMPTY_BODY = YES;
				CLANG_WARN_ENUM_CONVERSION = YES;
				CLANG_WARN_INT_CONVERSION = YES;
				CLANG_WARN_OBJC_ROOT_CLASS = YES_ERROR;
				CLANG_WARN_UNREACHABLE_CODE = YES;
				CLANG_WARN__DUPLICATE_METHOD_MATCH = YES;
				"CODE_SIGN_IDENTITY[sdk=iphoneos*]" = "iPhone Developer";
				COPY_PHASE_STRIP = NO;
				DEBUG_INFORMATION_FORMAT = dwarf;
				ENABLE_STRICT_OBJC_MSGSEND = YES;
				ENABLE_TESTABILITY = YES;
				GCC_C_LANGUAGE_STANDARD = gnu99;
				GCC_DYNAMIC_NO_PIC = NO;
				GCC_NO_COMMON_BLOCKS = YES;
				GCC_OPTIMIZATION_LEVEL = 0;
				GCC_PREPROCESSOR_DEFINITIONS = (
					"DEBUG=1",
					"$(inherited)",
				);
				GCC_WARN_64_TO_32_BIT_CONVERSION = YES;
				GCC_WARN_ABOUT_RETURN_TYPE = YES_ERROR;
				GCC_WARN_UNDECLARED_SELECTOR = YES;
				GCC_WARN_UNINITIALIZED_AUTOS = YES_AGGRESSIVE;
				GCC_WARN_UNUSED_FUNCTION = YES;
				GCC_WARN_UNUSED_VARIABLE = YES;
				IPHONEOS_DEPLOYMENT_TARGET = 9.2;
				MTL_ENABLE_DEBUG_INFO = YES;
				ONLY_ACTIVE_ARCH = YES;
				SDKROOT = iphoneos;
				SWIFT_OPTIMIZATION_LEVEL = "-Onone";
			};
			name = Debug;
		};
		27E7D9381C7113C700D8A089 /* Release */ = {
			isa = XCBuildConfiguration;
			buildSettings = {
				ALWAYS_SEARCH_USER_PATHS = NO;
				CLANG_CXX_LANGUAGE_STANDARD = "gnu++0x";
				CLANG_CXX_LIBRARY = "libc++";
				CLANG_ENABLE_MODULES = YES;
				CLANG_ENABLE_OBJC_ARC = YES;
				CLANG_WARN_BOOL_CONVERSION = YES;
				CLANG_WARN_CONSTANT_CONVERSION = YES;
				CLANG_WARN_DIRECT_OBJC_ISA_USAGE = YES_ERROR;
				CLANG_WARN_EMPTY_BODY = YES;
				CLANG_WARN_ENUM_CONVERSION = YES;
				CLANG_WARN_INT_CONVERSION = YES;
				CLANG_WARN_OBJC_ROOT_CLASS = YES_ERROR;
				CLANG_WARN_UNREACHABLE_CODE = YES;
				CLANG_WARN__DUPLICATE_METHOD_MATCH = YES;
				"CODE_SIGN_IDENTITY[sdk=iphoneos*]" = "iPhone Developer";
				COPY_PHASE_STRIP = NO;
				DEBUG_INFORMATION_FORMAT = "dwarf-with-dsym";
				ENABLE_NS_ASSERTIONS = NO;
				ENABLE_STRICT_OBJC_MSGSEND = YES;
				GCC_C_LANGUAGE_STANDARD = gnu99;
				GCC_NO_COMMON_BLOCKS = YES;
				GCC_WARN_64_TO_32_BIT_CONVERSION = YES;
				GCC_WARN_ABOUT_RETURN_TYPE = YES_ERROR;
				GCC_WARN_UNDECLARED_SELECTOR = YES;
				GCC_WARN_UNINITIALIZED_AUTOS = YES_AGGRESSIVE;
				GCC_WARN_UNUSED_FUNCTION = YES;
				GCC_WARN_UNUSED_VARIABLE = YES;
				IPHONEOS_DEPLOYMENT_TARGET = 9.2;
				MTL_ENABLE_DEBUG_INFO = NO;
				SDKROOT = iphoneos;
				VALIDATE_PRODUCT = YES;
			};
			name = Release;
		};
		27E7D93A1C7113C700D8A089 /* Debug */ = {
			isa = XCBuildConfiguration;
			baseConfigurationReference = E58D1FDFF3711971BC656641 /* Pods.debug.xcconfig */;
			buildSettings = {
				ASSETCATALOG_COMPILER_APPICON_NAME = AppIcon;
				CLANG_ENABLE_MODULES = YES;
				INFOPLIST_FILE = SwiftRecognizer/Info.plist;
				LD_RUNPATH_SEARCH_PATHS = "$(inherited) @executable_path/Frameworks";
				PRODUCT_BUNDLE_IDENTIFIER = com.fdt.SwiftRecognizer;
				PRODUCT_NAME = "$(TARGET_NAME)";
				SWIFT_OBJC_BRIDGING_HEADER = "SwiftRecognizer/Models/Entities/SwiftRecognizer-Bridging-Header.h";
				SWIFT_OPTIMIZATION_LEVEL = "-Onone";
			};
			name = Debug;
		};
		27E7D93B1C7113C700D8A089 /* Release */ = {
			isa = XCBuildConfiguration;
			baseConfigurationReference = ABBBE120AC77949053692C76 /* Pods.release.xcconfig */;
			buildSettings = {
				ASSETCATALOG_COMPILER_APPICON_NAME = AppIcon;
				CLANG_ENABLE_MODULES = YES;
				INFOPLIST_FILE = SwiftRecognizer/Info.plist;
				LD_RUNPATH_SEARCH_PATHS = "$(inherited) @executable_path/Frameworks";
				PRODUCT_BUNDLE_IDENTIFIER = com.fdt.SwiftRecognizer;
				PRODUCT_NAME = "$(TARGET_NAME)";
				SWIFT_OBJC_BRIDGING_HEADER = "SwiftRecognizer/Models/Entities/SwiftRecognizer-Bridging-Header.h";
			};
			name = Release;
		};
/* End XCBuildConfiguration section */

/* Begin XCConfigurationList section */
		27E7D9221C7113C700D8A089 /* Build configuration list for PBXProject "SwiftRecognizer" */ = {
			isa = XCConfigurationList;
			buildConfigurations = (
				27E7D9371C7113C700D8A089 /* Debug */,
				27E7D9381C7113C700D8A089 /* Release */,
			);
			defaultConfigurationIsVisible = 0;
			defaultConfigurationName = Release;
		};
		27E7D9391C7113C700D8A089 /* Build configuration list for PBXNativeTarget "SwiftRecognizer" */ = {
			isa = XCConfigurationList;
			buildConfigurations = (
				27E7D93A1C7113C700D8A089 /* Debug */,
				27E7D93B1C7113C700D8A089 /* Release */,
			);
			defaultConfigurationIsVisible = 0;
			defaultConfigurationName = Release;
		};
/* End XCConfigurationList section */

/* Begin XCVersionGroup section */
		27E7D94C1C713C4E00D8A089 /* RecognizerModel.xcdatamodeld */ = {
			isa = XCVersionGroup;
			children = (
				27E7D94D1C713C4E00D8A089 /* RecognizerModel.xcdatamodel */,
			);
			currentVersion = 27E7D94D1C713C4E00D8A089 /* RecognizerModel.xcdatamodel */;
			path = RecognizerModel.xcdatamodeld;
			sourceTree = "<group>";
			versionGroupType = wrapper.xcdatamodel;
		};
/* End XCVersionGroup section */
	};
	rootObject = 27E7D91F1C7113C700D8A089 /* Project object */;
}
